<?xml version="1.0" encoding="utf-8"?>
<Project ToolsVersion="4.0" xmlns="http://schemas.microsoft.com/developer/msbuild/2003">
  <ItemGroup>
    <Filter Include="DirectX11">
      <UniqueIdentifier>{5A877304-C6F1-277B-0F30-D9207BD905D0}</UniqueIdentifier>
    </Filter>
    <Filter Include="ImGui">
      <UniqueIdentifier>{C0FF640D-2C14-8DBE-F595-301E616989EF}</UniqueIdentifier>
    </Filter>
    <Filter Include="Network">
      <UniqueIdentifier>{8F6A0D6C-FB49-8C07-0462-17DE70C0F268}</UniqueIdentifier>
    </Filter>
    <Filter Include="PCInfo">
      <UniqueIdentifier>{040A62C7-F0AB-8C9D-D966-A0F1C5A713EE}</UniqueIdentifier>
    </Filter>
    <Filter Include="Validate">
      <UniqueIdentifier>{6F853308-5B52-8E13-846B-7CBB7097C3A1}</UniqueIdentifier>
    </Filter>
  </ItemGroup>
  <ItemGroup>
    <ClInclude Include="src\DirectX11\DirectX11.h">
      <Filter>DirectX11</Filter>
    </ClInclude>
    <ClInclude Include="src\Network\PClientSocket.h">
      <Filter>Network</Filter>
    </ClInclude>
    <ClInclude Include="src\PCInfo\PCInfo.h">
      <Filter>PCInfo</Filter>
    </ClInclude>
    <ClInclude Include="src\Validate\ValidateLogin.h">
      <Filter>Validate</Filter>
    </ClInclude>
  </ItemGroup>
  <ItemGroup>
    <ClCompile Include="src\DirectX11\DirectX11.cpp">
      <Filter>DirectX11</Filter>
    </ClCompile>
    <ClCompile Include="src\Network\PClientSocket.cpp">
      <Filter>Network</Filter>
    </ClCompile>
    <ClCompile Include="src\PCInfo\PCInfo.cpp">
      <Filter>PCInfo</Filter>
    </ClCompile>
    <ClCompile Include="src\Validate\ValidateLogin.cpp">
      <Filter>Validate</Filter>
    </ClCompile>
    <ClCompile Include="src\main.cpp" />
  </ItemGroup>
</Project>