
Microsoft Visual Studio Solution File, Format Version 12.00
# Visual Studio Version 17
Project("{8BC9CEB8-8B4A-11D0-8D11-00A0C91BC942}") = "Puppet", "Puppet.vcxproj", "{633E00CB-4FE0-2AA1-389B-3EF524DCB1F1}"
EndProject
Project("{2150E333-8FDC-42A3-9474-1A3956D46DE8}") = "Dependencies", "Dependencies", "{53E47842-3FC8-3998-A828-34EB942B241A}"
EndProject
Project("{8BC9CEB8-8B4A-11D0-8D11-00A0C91BC942}") = "Database", "vendor\Database\Database.vcxproj", "{BAF5A97D-A6C2-0489-CFDB-F230BB073A17}"
EndProject
Project("{8BC9CEB8-8B4A-11D0-8D11-00A0C91BC942}") = "Networking", "vendor\Networking\Networking.vcxproj", "{6D615D47-5919-9F94-C220-78F0AEF73985}"
EndProject
Global
	GlobalSection(SolutionConfigurationPlatforms) = preSolution
		Debug|x64 = Debug|x64
		Dist|x64 = Dist|x64
		Release|x64 = Release|x64
	EndGlobalSection
	GlobalSection(ProjectConfigurationPlatforms) = postSolution
		{633E00CB-4FE0-2AA1-389B-3EF524DCB1F1}.Debug|x64.ActiveCfg = Debug|x64
		{633E00CB-4FE0-2AA1-389B-3EF524DCB1F1}.Debug|x64.Build.0 = Debug|x64
		{633E00CB-4FE0-2AA1-389B-3EF524DCB1F1}.Dist|x64.ActiveCfg = Dist|x64
		{633E00CB-4FE0-2AA1-389B-3EF524DCB1F1}.Dist|x64.Build.0 = Dist|x64
		{633E00CB-4FE0-2AA1-389B-3EF524DCB1F1}.Release|x64.ActiveCfg = Release|x64
		{633E00CB-4FE0-2AA1-389B-3EF524DCB1F1}.Release|x64.Build.0 = Release|x64
		{BAF5A97D-A6C2-0489-CFDB-F230BB073A17}.Debug|x64.ActiveCfg = Debug|x64
		{BAF5A97D-A6C2-0489-CFDB-F230BB073A17}.Debug|x64.Build.0 = Debug|x64
		{BAF5A97D-A6C2-0489-CFDB-F230BB073A17}.Dist|x64.ActiveCfg = Dist|x64
		{BAF5A97D-A6C2-0489-CFDB-F230BB073A17}.Dist|x64.Build.0 = Dist|x64
		{BAF5A97D-A6C2-0489-CFDB-F230BB073A17}.Release|x64.ActiveCfg = Release|x64
		{BAF5A97D-A6C2-0489-CFDB-F230BB073A17}.Release|x64.Build.0 = Release|x64
		{6D615D47-5919-9F94-C220-78F0AEF73985}.Debug|x64.ActiveCfg = Debug|x64
		{6D615D47-5919-9F94-C220-78F0AEF73985}.Debug|x64.Build.0 = Debug|x64
		{6D615D47-5919-9F94-C220-78F0AEF73985}.Dist|x64.ActiveCfg = Dist|x64
		{6D615D47-5919-9F94-C220-78F0AEF73985}.Dist|x64.Build.0 = Dist|x64
		{6D615D47-5919-9F94-C220-78F0AEF73985}.Release|x64.ActiveCfg = Release|x64
		{6D615D47-5919-9F94-C220-78F0AEF73985}.Release|x64.Build.0 = Release|x64
	EndGlobalSection
	GlobalSection(SolutionProperties) = preSolution
		HideSolutionNode = FALSE
	EndGlobalSection
	GlobalSection(NestedProjects) = preSolution
		{BAF5A97D-A6C2-0489-CFDB-F230BB073A17} = {53E47842-3FC8-3998-A828-34EB942B241A}
		{6D615D47-5919-9F94-C220-78F0AEF73985} = {53E47842-3FC8-3998-A828-34EB942B241A}
	EndGlobalSection
EndGlobal
