<?xml version="1.0" encoding="utf-8"?>
<Project ToolsVersion="4.0" xmlns="http://schemas.microsoft.com/developer/msbuild/2003">
  <ItemGroup>
    <Filter Include="Core">
      <UniqueIdentifier>{2EB4837C-1AEB-840D-C3D7-6A10AFED000F}</UniqueIdentifier>
    </Filter>
    <Filter Include="Event">
      <UniqueIdentifier>{E70B220D-5320-4ABE-1CA2-ED1D887546EF}</UniqueIdentifier>
    </Filter>
    <Filter Include="ImGui">
      <UniqueIdentifier>{C0FF640D-2C14-8DBE-F595-301E616989EF}</UniqueIdentifier>
    </Filter>
    <Filter Include="Platform">
      <UniqueIdentifier>{2AC788B4-1694-E3BF-3FAD-D1672BD9184E}</UniqueIdentifier>
    </Filter>
    <Filter Include="Platform\Windows">
      <UniqueIdentifier>{64FBD71A-50F4-F66C-7926-DCF1657ED678}</UniqueIdentifier>
    </Filter>
    <Filter Include="Platform\Windows\DirectX11">
      <UniqueIdentifier>{282ACCA1-143A-7872-7DF3-DC906922670B}</UniqueIdentifier>
    </Filter>
    <Filter Include="Platform\Windows\PCInfo">
      <UniqueIdentifier>{92EFDA59-FE26-23F1-0731-871473E749EA}</UniqueIdentifier>
    </Filter>
    <Filter Include="Platform\Windows\Validate">
      <UniqueIdentifier>{7D067C1C-E9C8-AFA6-3279-3E339E7A8884}</UniqueIdentifier>
    </Filter>
    <Filter Include="Platform\Windows\Window">
      <UniqueIdentifier>{CBCFF26C-3707-3B04-4011-9F27ACC761FD}</UniqueIdentifier>
    </Filter>
    <Filter Include="Puppeteer">
      <UniqueIdentifier>{9F82370D-0BED-EB83-542B-9D29C0D4C9D8}</UniqueIdentifier>
    </Filter>
    <Filter Include="Puppeteer\Network">
      <UniqueIdentifier>{189447A7-84AA-453D-CD21-D15E397716C5}</UniqueIdentifier>
    </Filter>
    <Filter Include="Renderer">
      <UniqueIdentifier>{7CCE658F-689B-C09A-91B4-AE427DE0F528}</UniqueIdentifier>
    </Filter>
  </ItemGroup>
  <ItemGroup>
    <ClInclude Include="src\Core\Application.h">
      <Filter>Core</Filter>
    </ClInclude>
    <ClInclude Include="src\Core\Core.h">
      <Filter>Core</Filter>
    </ClInclude>
    <ClInclude Include="src\Core\KeyCodes.h">
      <Filter>Core</Filter>
    </ClInclude>
    <ClInclude Include="src\Core\Layer.h">
      <Filter>Core</Filter>
    </ClInclude>
    <ClInclude Include="src\Core\LayerStack.h">
      <Filter>Core</Filter>
    </ClInclude>
    <ClInclude Include="src\Core\MouseCodes.h">
      <Filter>Core</Filter>
    </ClInclude>
    <ClInclude Include="src\Core\Window.h">
      <Filter>Core</Filter>
    </ClInclude>
    <ClInclude Include="src\Event\ApplicationEvent.h">
      <Filter>Event</Filter>
    </ClInclude>
    <ClInclude Include="src\Event\Event.h">
      <Filter>Event</Filter>
    </ClInclude>
    <ClInclude Include="src\Event\KeyEvent.h">
      <Filter>Event</Filter>
    </ClInclude>
    <ClInclude Include="src\Event\MouseEvent.h">
      <Filter>Event</Filter>
    </ClInclude>
    <ClInclude Include="src\ImGui\ImGuiLayer.h">
      <Filter>ImGui</Filter>
    </ClInclude>
    <ClInclude Include="src\Platform\Windows\DirectX11\DirectX11.h">
      <Filter>Platform\Windows\DirectX11</Filter>
    </ClInclude>
    <ClInclude Include="src\Platform\Windows\PCInfo\PCInfo.h">
      <Filter>Platform\Windows\PCInfo</Filter>
    </ClInclude>
    <ClInclude Include="src\Platform\Windows\Validate\ValidateLogin.h">
      <Filter>Platform\Windows\Validate</Filter>
    </ClInclude>
    <ClInclude Include="src\Platform\Windows\Window\WindowsWindow.h">
      <Filter>Platform\Windows\Window</Filter>
    </ClInclude>
    <ClInclude Include="src\Puppeteer\BaseLayer.h">
      <Filter>Puppeteer</Filter>
    </ClInclude>
    <ClInclude Include="src\Puppeteer\Network\PClientSocket.h">
      <Filter>Puppeteer\Network</Filter>
    </ClInclude>
    <ClInclude Include="src\Renderer\Framebuffer.h">
      <Filter>Renderer</Filter>
    </ClInclude>
    <ClInclude Include="src\pch.h" />
  </ItemGroup>
  <ItemGroup>
    <ClCompile Include="src\Core\Application.cpp">
      <Filter>Core</Filter>
    </ClCompile>
    <ClCompile Include="src\Core\LayerStack.cpp">
      <Filter>Core</Filter>
    </ClCompile>
    <ClCompile Include="src\Core\Window.cpp">
      <Filter>Core</Filter>
    </ClCompile>
    <ClCompile Include="src\ImGui\ImGuiBuild.cpp">
      <Filter>ImGui</Filter>
    </ClCompile>
    <ClCompile Include="src\ImGui\ImGuiLayer.cpp">
      <Filter>ImGui</Filter>
    </ClCompile>
    <ClCompile Include="src\Platform\Windows\DirectX11\DirectX11.cpp">
      <Filter>Platform\Windows\DirectX11</Filter>
    </ClCompile>
    <ClCompile Include="src\Platform\Windows\PCInfo\PCInfo.cpp">
      <Filter>Platform\Windows\PCInfo</Filter>
    </ClCompile>
    <ClCompile Include="src\Platform\Windows\Validate\ValidateLogin.cpp">
      <Filter>Platform\Windows\Validate</Filter>
    </ClCompile>
    <ClCompile Include="src\Platform\Windows\Window\WindowsWindow.cpp">
      <Filter>Platform\Windows\Window</Filter>
    </ClCompile>
    <ClCompile Include="src\Puppeteer\BaseLayer.cpp">
      <Filter>Puppeteer</Filter>
    </ClCompile>
    <ClCompile Include="src\Puppeteer\Network\PClientSocket.cpp">
      <Filter>Puppeteer\Network</Filter>
    </ClCompile>
    <ClCompile Include="src\Renderer\Framebuffer.cpp">
      <Filter>Renderer</Filter>
    </ClCompile>
    <ClCompile Include="src\main.cpp" />
    <ClCompile Include="src\pch.cpp" />
  </ItemGroup>
</Project>